
Microsoft Visual Studio Solution File, Format Version 12.00
# Visual Studio Version 17
VisualStudioVersion = 17.0.32014.148
MinimumVisualStudioVersion = 10.0.40219.1
Project("{FAE04EC0-301F-11D3-BF4B-00C04F79EFBC}") = "CRUD-Task-API", "CRUD-Task-API\CRUD-Task-API.csproj", "{1F17512D-AF60-47D8-B602-D52706C64B15}"
EndProject
Project("{54A90642-561A-4BB1-A94E-469ADEE60C69}") = "CRUD-Task-Presentation", "CRUD-Task-Presentation\CRUD-Task-Presentation.esproj", "{799FE39B-CC78-46AE-9D6B-139A3279FF7E}"
EndProject
Global
	GlobalSection(SolutionConfigurationPlatforms) = preSolution
		Debug|Any CPU = Debug|Any CPU
		Release|Any CPU = Release|Any CPU
	EndGlobalSection
	GlobalSection(ProjectConfigurationPlatforms) = postSolution
		{1F17512D-AF60-47D8-B602-D52706C64B15}.Debug|Any CPU.ActiveCfg = Debug|Any CPU
		{1F17512D-AF60-47D8-B602-D52706C64B15}.Debug|Any CPU.Build.0 = Debug|Any CPU
		{1F17512D-AF60-47D8-B602-D52706C64B15}.Release|Any CPU.ActiveCfg = Release|Any CPU
		{1F17512D-AF60-47D8-B602-D52706C64B15}.Release|Any CPU.Build.0 = Release|Any CPU
		{799FE39B-CC78-46AE-9D6B-139A3279FF7E}.Debug|Any CPU.ActiveCfg = Debug|Any CPU
		{799FE39B-CC78-46AE-9D6B-139A3279FF7E}.Debug|Any CPU.Build.0 = Debug|Any CPU
		{799FE39B-CC78-46AE-9D6B-139A3279FF7E}.Debug|Any CPU.Deploy.0 = Debug|Any CPU
		{799FE39B-CC78-46AE-9D6B-139A3279FF7E}.Release|Any CPU.ActiveCfg = Release|Any CPU
		{799FE39B-CC78-46AE-9D6B-139A3279FF7E}.Release|Any CPU.Build.0 = Release|Any CPU
		{799FE39B-CC78-46AE-9D6B-139A3279FF7E}.Release|Any CPU.Deploy.0 = Release|Any CPU
	EndGlobalSection
	GlobalSection(SolutionProperties) = preSolution
		HideSolutionNode = FALSE
	EndGlobalSection
	GlobalSection(ExtensibilityGlobals) = postSolution
		SolutionGuid = {BA74A4A7-F4E5-4B2D-BF25-58880F3DA3F3}
	EndGlobalSection
EndGlobal
